
Microsoft Visual Studio Solution File, Format Version 12.00
# Visual Studio 15
VisualStudioVersion = 15.0.26730.16
MinimumVisualStudioVersion = 10.0.40219.1
Project("{2150E333-8FDC-42A3-9474-1A3956D46DE8}") = "01 - API", "01 - API", "{4E78B4A3-4A8C-46B4-B374-64C1F65870B8}"
EndProject
Project("{2150E333-8FDC-42A3-9474-1A3956D46DE8}") = "02 - Application", "02 - Application", "{AB60F2EC-1FA8-40CA-ADC5-636CF5E678C1}"
EndProject
Project("{2150E333-8FDC-42A3-9474-1A3956D46DE8}") = "03 - Crosscutting", "03 - Crosscutting", "{4E60B91F-C02C-4FB6-81D6-039D593F6D97}"
EndProject
Project("{2150E333-8FDC-42A3-9474-1A3956D46DE8}") = "04 - Domain", "04 - Domain", "{0E9F8946-A5A8-436E-9146-563D4D562A5A}"
EndProject
Project("{2150E333-8FDC-42A3-9474-1A3956D46DE8}") = "05 - Infrastructure", "05 - Infrastructure", "{33BE0368-1772-4461-B89F-78620712A2A0}"
EndProject
Project("{9A19103F-16F7-4668-BE54-9A1E7A4F7556}") = "SWITCH_OVER.Domain", "SWITCH-OVER.Domain\SWITCH_OVER.Domain.csproj", "{A5135892-8DEE-45EB-BBB9-2B9314DCA0EC}"
EndProject
Project("{9A19103F-16F7-4668-BE54-9A1E7A4F7556}") = "SWITCH_OVER.Shared", "SWITCH-OVER.Shared\SWITCH_OVER.Shared.csproj", "{8C5AD3E2-050A-46F3-B771-157DC4C1E731}"
EndProject
Project("{9A19103F-16F7-4668-BE54-9A1E7A4F7556}") = "SWITCH_OVER.Repository", "SWITCH-OVER.Repository\SWITCH_OVER.Repository.csproj", "{739EBF41-7803-462B-9574-2A51974A5B27}"
EndProject
Project("{9A19103F-16F7-4668-BE54-9A1E7A4F7556}") = "SWITCH_OVER.Application", "SWITCH-OVER.Application\SWITCH_OVER.Application.csproj", "{E93025E1-5BC0-4211-A2BB-5C92A58E133F}"
EndProject
Project("{9A19103F-16F7-4668-BE54-9A1E7A4F7556}") = "SWITCH_OVER.Crosscutting", "SWITCH-OVER.Crosscutting\SWITCH_OVER.Crosscutting.csproj", "{60EDD493-5DA8-48D1-B10E-A4FB06AF1718}"
EndProject
Project("{9A19103F-16F7-4668-BE54-9A1E7A4F7556}") = "SWITCH_OVER.Api", "SWITCH-OVER.Api\SWITCH_OVER.Api.csproj", "{2C3BB853-17BB-4603-8B32-12FFC263E667}"
EndProject
Project("{E53339B2-1760-4266-BCC7-CA923CBCF16C}") = "docker-compose", "docker-compose.dcproj", "{A3DF684F-F3B7-44AA-B87C-859E47530CD7}"
EndProject
Project("{FAE04EC0-301F-11D3-BF4B-00C04F79EFBC}") = "SWITCH_OVER.Crosscutting.Ioc", "..\SWITCH_OVER.Crosscutting.Ioc\SWITCH_OVER.Crosscutting.Ioc.csproj", "{5B3B5BF5-FDFF-4292-BDC0-1B53D9BB9998}"
EndProject
Project("{FAE04EC0-301F-11D3-BF4B-00C04F79EFBC}") = "SWITCH_OVER.Infrastructure.Services", "SWITCH_OVER.Infrastructure.Services\SWITCH_OVER.Infrastructure.Services.csproj", "{498F8689-9BDB-4270-8DC6-9B1C2FA77018}"
EndProject
Global
	GlobalSection(SolutionConfigurationPlatforms) = preSolution
		Debug|Any CPU = Debug|Any CPU
		Release|Any CPU = Release|Any CPU
	EndGlobalSection
	GlobalSection(ProjectConfigurationPlatforms) = postSolution
		{A5135892-8DEE-45EB-BBB9-2B9314DCA0EC}.Debug|Any CPU.ActiveCfg = Debug|Any CPU
		{A5135892-8DEE-45EB-BBB9-2B9314DCA0EC}.Debug|Any CPU.Build.0 = Debug|Any CPU
		{A5135892-8DEE-45EB-BBB9-2B9314DCA0EC}.Release|Any CPU.ActiveCfg = Release|Any CPU
		{A5135892-8DEE-45EB-BBB9-2B9314DCA0EC}.Release|Any CPU.Build.0 = Release|Any CPU
		{8C5AD3E2-050A-46F3-B771-157DC4C1E731}.Debug|Any CPU.ActiveCfg = Debug|Any CPU
		{8C5AD3E2-050A-46F3-B771-157DC4C1E731}.Debug|Any CPU.Build.0 = Debug|Any CPU
		{8C5AD3E2-050A-46F3-B771-157DC4C1E731}.Release|Any CPU.ActiveCfg = Release|Any CPU
		{8C5AD3E2-050A-46F3-B771-157DC4C1E731}.Release|Any CPU.Build.0 = Release|Any CPU
		{739EBF41-7803-462B-9574-2A51974A5B27}.Debug|Any CPU.ActiveCfg = Debug|Any CPU
		{739EBF41-7803-462B-9574-2A51974A5B27}.Debug|Any CPU.Build.0 = Debug|Any CPU
		{739EBF41-7803-462B-9574-2A51974A5B27}.Release|Any CPU.ActiveCfg = Release|Any CPU
		{739EBF41-7803-462B-9574-2A51974A5B27}.Release|Any CPU.Build.0 = Release|Any CPU
		{E93025E1-5BC0-4211-A2BB-5C92A58E133F}.Debug|Any CPU.ActiveCfg = Debug|Any CPU
		{E93025E1-5BC0-4211-A2BB-5C92A58E133F}.Debug|Any CPU.Build.0 = Debug|Any CPU
		{E93025E1-5BC0-4211-A2BB-5C92A58E133F}.Release|Any CPU.ActiveCfg = Release|Any CPU
		{E93025E1-5BC0-4211-A2BB-5C92A58E133F}.Release|Any CPU.Build.0 = Release|Any CPU
		{60EDD493-5DA8-48D1-B10E-A4FB06AF1718}.Debug|Any CPU.ActiveCfg = Debug|Any CPU
		{60EDD493-5DA8-48D1-B10E-A4FB06AF1718}.Debug|Any CPU.Build.0 = Debug|Any CPU
		{60EDD493-5DA8-48D1-B10E-A4FB06AF1718}.Release|Any CPU.ActiveCfg = Release|Any CPU
		{60EDD493-5DA8-48D1-B10E-A4FB06AF1718}.Release|Any CPU.Build.0 = Release|Any CPU
		{2C3BB853-17BB-4603-8B32-12FFC263E667}.Debug|Any CPU.ActiveCfg = Debug|Any CPU
		{2C3BB853-17BB-4603-8B32-12FFC263E667}.Debug|Any CPU.Build.0 = Debug|Any CPU
		{2C3BB853-17BB-4603-8B32-12FFC263E667}.Release|Any CPU.ActiveCfg = Release|Any CPU
		{2C3BB853-17BB-4603-8B32-12FFC263E667}.Release|Any CPU.Build.0 = Release|Any CPU
		{A3DF684F-F3B7-44AA-B87C-859E47530CD7}.Debug|Any CPU.ActiveCfg = Debug|Any CPU
		{A3DF684F-F3B7-44AA-B87C-859E47530CD7}.Debug|Any CPU.Build.0 = Debug|Any CPU
		{A3DF684F-F3B7-44AA-B87C-859E47530CD7}.Release|Any CPU.ActiveCfg = Release|Any CPU
		{A3DF684F-F3B7-44AA-B87C-859E47530CD7}.Release|Any CPU.Build.0 = Release|Any CPU
		{5B3B5BF5-FDFF-4292-BDC0-1B53D9BB9998}.Debug|Any CPU.ActiveCfg = Debug|Any CPU
		{5B3B5BF5-FDFF-4292-BDC0-1B53D9BB9998}.Debug|Any CPU.Build.0 = Debug|Any CPU
		{5B3B5BF5-FDFF-4292-BDC0-1B53D9BB9998}.Release|Any CPU.ActiveCfg = Release|Any CPU
		{5B3B5BF5-FDFF-4292-BDC0-1B53D9BB9998}.Release|Any CPU.Build.0 = Release|Any CPU
		{498F8689-9BDB-4270-8DC6-9B1C2FA77018}.Debug|Any CPU.ActiveCfg = Debug|Any CPU
		{498F8689-9BDB-4270-8DC6-9B1C2FA77018}.Debug|Any CPU.Build.0 = Debug|Any CPU
		{498F8689-9BDB-4270-8DC6-9B1C2FA77018}.Release|Any CPU.ActiveCfg = Release|Any CPU
		{498F8689-9BDB-4270-8DC6-9B1C2FA77018}.Release|Any CPU.Build.0 = Release|Any CPU
	EndGlobalSection
	GlobalSection(SolutionProperties) = preSolution
		HideSolutionNode = FALSE
	EndGlobalSection
	GlobalSection(NestedProjects) = preSolution
		{A5135892-8DEE-45EB-BBB9-2B9314DCA0EC} = {0E9F8946-A5A8-436E-9146-563D4D562A5A}
		{8C5AD3E2-050A-46F3-B771-157DC4C1E731} = {0E9F8946-A5A8-436E-9146-563D4D562A5A}
		{739EBF41-7803-462B-9574-2A51974A5B27} = {33BE0368-1772-4461-B89F-78620712A2A0}
		{E93025E1-5BC0-4211-A2BB-5C92A58E133F} = {AB60F2EC-1FA8-40CA-ADC5-636CF5E678C1}
		{60EDD493-5DA8-48D1-B10E-A4FB06AF1718} = {4E60B91F-C02C-4FB6-81D6-039D593F6D97}
		{2C3BB853-17BB-4603-8B32-12FFC263E667} = {4E78B4A3-4A8C-46B4-B374-64C1F65870B8}
		{5B3B5BF5-FDFF-4292-BDC0-1B53D9BB9998} = {4E60B91F-C02C-4FB6-81D6-039D593F6D97}
		{498F8689-9BDB-4270-8DC6-9B1C2FA77018} = {33BE0368-1772-4461-B89F-78620712A2A0}
	EndGlobalSection
	GlobalSection(ExtensibilityGlobals) = postSolution
		SolutionGuid = {489D1660-02B4-4B48-AEC4-32EEDA251C39}
	EndGlobalSection
EndGlobal
